
Microsoft Visual Studio Solution File, Format Version 12.00
# Visual Studio Version 16
VisualStudioVersion = 16.0.31729.503
MinimumVisualStudioVersion = 10.0.40219.1
Project("{8BC9CEB8-8B4A-11D0-8D11-00A0C91BC942}") = "Toets 06a99", "Toets 06a99\Toets 06a99.vcxproj", "{27C2D8AD-6BF3-4395-A172-49B3BC6865EF}"
EndProject
Global
	GlobalSection(SolutionConfigurationPlatforms) = preSolution
		Debug|x64 = Debug|x64
		Debug|x86 = Debug|x86
		Release|x64 = Release|x64
		Release|x86 = Release|x86
	EndGlobalSection
	GlobalSection(ProjectConfigurationPlatforms) = postSolution
		{27C2D8AD-6BF3-4395-A172-49B3BC6865EF}.Debug|x64.ActiveCfg = Debug|x64
		{27C2D8AD-6BF3-4395-A172-49B3BC6865EF}.Debug|x64.Build.0 = Debug|x64
		{27C2D8AD-6BF3-4395-A172-49B3BC6865EF}.Debug|x86.ActiveCfg = Debug|Win32
		{27C2D8AD-6BF3-4395-A172-49B3BC6865EF}.Debug|x86.Build.0 = Debug|Win32
		{27C2D8AD-6BF3-4395-A172-49B3BC6865EF}.Release|x64.ActiveCfg = Release|x64
		{27C2D8AD-6BF3-4395-A172-49B3BC6865EF}.Release|x64.Build.0 = Release|x64
		{27C2D8AD-6BF3-4395-A172-49B3BC6865EF}.Release|x86.ActiveCfg = Release|Win32
		{27C2D8AD-6BF3-4395-A172-49B3BC6865EF}.Release|x86.Build.0 = Release|Win32
	EndGlobalSection
	GlobalSection(SolutionProperties) = preSolution
		HideSolutionNode = FALSE
	EndGlobalSection
	GlobalSection(ExtensibilityGlobals) = postSolution
		SolutionGuid = {8A1539EE-FCDF-4B9B-B4DC-BE1BBD3BCE2A}
	EndGlobalSection
EndGlobal
